
Microsoft Visual Studio Solution File, Format Version 12.00
# Visual Studio 15
VisualStudioVersion = 15.0.28307.329
MinimumVisualStudioVersion = 10.0.40219.1
Project("{FAE04EC0-301F-11D3-BF4B-00C04F79EFBC}") = "JogoDaAdivinhação", "JogoDaAdivinhação\JogoDaAdivinhação.csproj", "{D256F04C-AF59-41B0-B906-8055B5423714}"
EndProject
Global
	GlobalSection(SolutionConfigurationPlatforms) = preSolution
		Debug|Any CPU = Debug|Any CPU
		Release|Any CPU = Release|Any CPU
	EndGlobalSection
	GlobalSection(ProjectConfigurationPlatforms) = postSolution
		{D256F04C-AF59-41B0-B906-8055B5423714}.Debug|Any CPU.ActiveCfg = Debug|Any CPU
		{D256F04C-AF59-41B0-B906-8055B5423714}.Debug|Any CPU.Build.0 = Debug|Any CPU
		{D256F04C-AF59-41B0-B906-8055B5423714}.Release|Any CPU.ActiveCfg = Release|Any CPU
		{D256F04C-AF59-41B0-B906-8055B5423714}.Release|Any CPU.Build.0 = Release|Any CPU
	EndGlobalSection
	GlobalSection(SolutionProperties) = preSolution
		HideSolutionNode = FALSE
	EndGlobalSection
	GlobalSection(ExtensibilityGlobals) = postSolution
		SolutionGuid = {0D8C0803-28B7-42AB-9B75-C8C2522CACB6}
	EndGlobalSection
EndGlobal
